
Microsoft Visual Studio Solution File, Format Version 12.00
# Visual Studio 14
VisualStudioVersion = 14.0.25420.1
MinimumVisualStudioVersion = 10.0.40219.1
Project("{FAE04EC0-301F-11D3-BF4B-00C04F79EFBC}") = "Skyfarm 2.0", "Skyfarm 2.0\Skyfarm 2.0.csproj", "{93C10838-5D35-42AD-86E9-18ADA39182D0}"
EndProject
Project("{FAE04EC0-301F-11D3-BF4B-00C04F79EFBC}") = "Conector", "Conector\Conector.csproj", "{58511515-3286-48AC-8CDC-0DFFCB0EB449}"
EndProject
Global
	GlobalSection(SolutionConfigurationPlatforms) = preSolution
		Debug|Any CPU = Debug|Any CPU
		Release|Any CPU = Release|Any CPU
	EndGlobalSection
	GlobalSection(ProjectConfigurationPlatforms) = postSolution
		{93C10838-5D35-42AD-86E9-18ADA39182D0}.Debug|Any CPU.ActiveCfg = Debug|Any CPU
		{93C10838-5D35-42AD-86E9-18ADA39182D0}.Debug|Any CPU.Build.0 = Debug|Any CPU
		{93C10838-5D35-42AD-86E9-18ADA39182D0}.Release|Any CPU.ActiveCfg = Release|Any CPU
		{93C10838-5D35-42AD-86E9-18ADA39182D0}.Release|Any CPU.Build.0 = Release|Any CPU
		{58511515-3286-48AC-8CDC-0DFFCB0EB449}.Debug|Any CPU.ActiveCfg = Debug|Any CPU
		{58511515-3286-48AC-8CDC-0DFFCB0EB449}.Debug|Any CPU.Build.0 = Debug|Any CPU
		{58511515-3286-48AC-8CDC-0DFFCB0EB449}.Release|Any CPU.ActiveCfg = Release|Any CPU
		{58511515-3286-48AC-8CDC-0DFFCB0EB449}.Release|Any CPU.Build.0 = Release|Any CPU
	EndGlobalSection
	GlobalSection(SolutionProperties) = preSolution
		HideSolutionNode = FALSE
	EndGlobalSection
EndGlobal
